
Microsoft Visual Studio Solution File, Format Version 12.00
# Visual Studio 14
VisualStudioVersion = 14.0.25123.0
MinimumVisualStudioVersion = 10.0.40219.1
Project("{2150E333-8FDC-42A3-9474-1A3956D46DE8}") = "Files", "Files", "{6B0493EB-7C85-4407-AEA6-44C8E4FA5991}"
	ProjectSection(SolutionItems) = preProject
		ReadMe.txt = ReadMe.txt
	EndProjectSection
EndProject
Project("{FAE04EC0-301F-11D3-BF4B-00C04F79EFBC}") = "Sixeyed.MessageQueue.Web", "Sixeyed.MessageQueue.Web\Sixeyed.MessageQueue.Web.csproj", "{32EF2533-A68A-44DE-BDB1-2711EBE1B3B0}"
EndProject
Project("{FAE04EC0-301F-11D3-BF4B-00C04F79EFBC}") = "Sixeyed.MessageQueue.Integration", "Sixeyed.MessageQueue.Integration\Sixeyed.MessageQueue.Integration.csproj", "{F82AE6D4-FD3F-481A-B3D5-CB3A5EABDC2E}"
EndProject
Project("{FAE04EC0-301F-11D3-BF4B-00C04F79EFBC}") = "Sixeyed.MessageQueue.Messages", "Sixeyed.MessageQueue.Messages\Sixeyed.MessageQueue.Messages.csproj", "{859F6869-18C2-440E-AE8E-7B4A0602F025}"
EndProject
Project("{FAE04EC0-301F-11D3-BF4B-00C04F79EFBC}") = "Sixeyed.MessageQueue.Handler", "Sixeyed.MessageQueue.Handler\Sixeyed.MessageQueue.Handler.csproj", "{FF38CC99-FDD8-43B3-A13B-54AD73C1273B}"
EndProject
Project("{2150E333-8FDC-42A3-9474-1A3956D46DE8}") = "Tests", "Tests", "{BC2978BE-E54E-4570-975A-2C2D3C406C02}"
EndProject
Project("{FAE04EC0-301F-11D3-BF4B-00C04F79EFBC}") = "Sixeyed.MessageQueue.Web.Tests", "Sixeyed.MessageQueue.Web.Tests\Sixeyed.MessageQueue.Web.Tests.csproj", "{C94B09CD-3E0B-4DB2-AF81-B656CB4167E2}"
EndProject
Project("{2150E333-8FDC-42A3-9474-1A3956D46DE8}") = "Solution Items", "Solution Items", "{427229AE-EBF7-45E2-A4C4-F488E064BF01}"
	ProjectSection(SolutionItems) = preProject
		Local.testsettings = Local.testsettings
	EndProjectSection
EndProject
Project("{FAE04EC0-301F-11D3-BF4B-00C04F79EFBC}") = "DemoConsole", "DemoConsole\DemoConsole.csproj", "{49E1EC2D-E179-4EE5-A0BC-34E0C377D67C}"
EndProject
Global
	GlobalSection(SolutionConfigurationPlatforms) = preSolution
		Debug|Any CPU = Debug|Any CPU
		Release|Any CPU = Release|Any CPU
	EndGlobalSection
	GlobalSection(ProjectConfigurationPlatforms) = postSolution
		{32EF2533-A68A-44DE-BDB1-2711EBE1B3B0}.Debug|Any CPU.ActiveCfg = Debug|Any CPU
		{32EF2533-A68A-44DE-BDB1-2711EBE1B3B0}.Debug|Any CPU.Build.0 = Debug|Any CPU
		{32EF2533-A68A-44DE-BDB1-2711EBE1B3B0}.Release|Any CPU.ActiveCfg = Release|Any CPU
		{32EF2533-A68A-44DE-BDB1-2711EBE1B3B0}.Release|Any CPU.Build.0 = Release|Any CPU
		{F82AE6D4-FD3F-481A-B3D5-CB3A5EABDC2E}.Debug|Any CPU.ActiveCfg = Debug|Any CPU
		{F82AE6D4-FD3F-481A-B3D5-CB3A5EABDC2E}.Debug|Any CPU.Build.0 = Debug|Any CPU
		{F82AE6D4-FD3F-481A-B3D5-CB3A5EABDC2E}.Release|Any CPU.ActiveCfg = Release|Any CPU
		{F82AE6D4-FD3F-481A-B3D5-CB3A5EABDC2E}.Release|Any CPU.Build.0 = Release|Any CPU
		{859F6869-18C2-440E-AE8E-7B4A0602F025}.Debug|Any CPU.ActiveCfg = Debug|Any CPU
		{859F6869-18C2-440E-AE8E-7B4A0602F025}.Debug|Any CPU.Build.0 = Debug|Any CPU
		{859F6869-18C2-440E-AE8E-7B4A0602F025}.Release|Any CPU.ActiveCfg = Release|Any CPU
		{859F6869-18C2-440E-AE8E-7B4A0602F025}.Release|Any CPU.Build.0 = Release|Any CPU
		{FF38CC99-FDD8-43B3-A13B-54AD73C1273B}.Debug|Any CPU.ActiveCfg = Debug|Any CPU
		{FF38CC99-FDD8-43B3-A13B-54AD73C1273B}.Debug|Any CPU.Build.0 = Debug|Any CPU
		{FF38CC99-FDD8-43B3-A13B-54AD73C1273B}.Release|Any CPU.ActiveCfg = Release|Any CPU
		{FF38CC99-FDD8-43B3-A13B-54AD73C1273B}.Release|Any CPU.Build.0 = Release|Any CPU
		{C94B09CD-3E0B-4DB2-AF81-B656CB4167E2}.Debug|Any CPU.ActiveCfg = Debug|Any CPU
		{C94B09CD-3E0B-4DB2-AF81-B656CB4167E2}.Debug|Any CPU.Build.0 = Debug|Any CPU
		{C94B09CD-3E0B-4DB2-AF81-B656CB4167E2}.Release|Any CPU.ActiveCfg = Release|Any CPU
		{C94B09CD-3E0B-4DB2-AF81-B656CB4167E2}.Release|Any CPU.Build.0 = Release|Any CPU
		{49E1EC2D-E179-4EE5-A0BC-34E0C377D67C}.Debug|Any CPU.ActiveCfg = Debug|Any CPU
		{49E1EC2D-E179-4EE5-A0BC-34E0C377D67C}.Debug|Any CPU.Build.0 = Debug|Any CPU
		{49E1EC2D-E179-4EE5-A0BC-34E0C377D67C}.Release|Any CPU.ActiveCfg = Release|Any CPU
		{49E1EC2D-E179-4EE5-A0BC-34E0C377D67C}.Release|Any CPU.Build.0 = Release|Any CPU
	EndGlobalSection
	GlobalSection(SolutionProperties) = preSolution
		HideSolutionNode = FALSE
	EndGlobalSection
	GlobalSection(NestedProjects) = preSolution
		{C94B09CD-3E0B-4DB2-AF81-B656CB4167E2} = {BC2978BE-E54E-4570-975A-2C2D3C406C02}
		{427229AE-EBF7-45E2-A4C4-F488E064BF01} = {BC2978BE-E54E-4570-975A-2C2D3C406C02}
	EndGlobalSection
EndGlobal
